{
  "nodes": {
    "flake-utils": {
      "locked": {
        "lastModified": 1638122382,
        "narHash": "sha256-sQzZzAbvKEqN9s0bzWuYmRaA03v40gaJ4+iL1LXjaeI=",
        "owner": "numtide",
        "repo": "flake-utils",
        "rev": "74f7e4319258e287b0f9cb95426c9853b282730b",
        "type": "github"
      },
      "original": {
        "owner": "numtide",
        "repo": "flake-utils",
        "type": "github"
      }
    },
    "nixpkgs": {
      "locked": {
        "owner": "nixos",
        "repo": "nixpkgs",
        "rev": "ff377a78794d412a35245e05428c8f95fef3951f",
        "type": "github"
      },
      "original": {
        "owner": "nixos",
        "ref": "nixpkgs-unstable",
        "repo": "nixpkgs",
        "type": "github"
      }
    },
    "nixpkgs_latest": {
      "locked": {
        "lastModified": 1656755932,
        "narHash": "sha256-TGThfOxr+HjFK464+UoUE6rClp2cwxjiKvHcBVdIGSQ=",
        "owner": "nixos",
        "repo": "nixpkgs",
        "rev": "660ac43ff9ab1f12e28bfb31d4719795777fe152",
        "type": "github"
      },
      "original": {
        "owner": "nixos",
        "ref": "nixpkgs-unstable",
        "repo": "nixpkgs",
        "type": "github"
      }
    },
    "root": {
      "inputs": {
        "flake-utils": "flake-utils",
        "nixpkgs": "nixpkgs",
        "nixpkgs_latest": "nixpkgs_latest"
      }
    }
  },
  "root": "root",
  "version": 7
}
